
Microsoft Visual Studio Solution File, Format Version 12.00
# Visual Studio Version 17
VisualStudioVersion = 17.4.33103.184
MinimumVisualStudioVersion = 10.0.40219.1
Project("{FAE04EC0-301F-11D3-BF4B-00C04F79EFBC}") = "WebSite", "WebSite\WebSite.csproj", "{4AC887BE-CE64-4E95-B861-C9E9F4FFBEF7}"
EndProject
Global
	GlobalSection(SolutionConfigurationPlatforms) = preSolution
		Debug|Any CPU = Debug|Any CPU
		Release|Any CPU = Release|Any CPU
	EndGlobalSection
	GlobalSection(ProjectConfigurationPlatforms) = postSolution
		{4AC887BE-CE64-4E95-B861-C9E9F4FFBEF7}.Debug|Any CPU.ActiveCfg = Debug|Any CPU
		{4AC887BE-CE64-4E95-B861-C9E9F4FFBEF7}.Debug|Any CPU.Build.0 = Debug|Any CPU
		{4AC887BE-CE64-4E95-B861-C9E9F4FFBEF7}.Release|Any CPU.ActiveCfg = Release|Any CPU
		{4AC887BE-CE64-4E95-B861-C9E9F4FFBEF7}.Release|Any CPU.Build.0 = Release|Any CPU
	EndGlobalSection
	GlobalSection(SolutionProperties) = preSolution
		HideSolutionNode = FALSE
	EndGlobalSection
	GlobalSection(ExtensibilityGlobals) = postSolution
		SolutionGuid = {51F23C55-C255-4EA0-97DD-84D6126437A4}
	EndGlobalSection
EndGlobal
